
Microsoft Visual Studio Solution File, Format Version 12.00
# Visual Studio 2013
VisualStudioVersion = 12.0.21005.1
MinimumVisualStudioVersion = 10.0.40219.1
Project("{FAE04EC0-301F-11D3-BF4B-00C04F79EFBC}") = "Pleiades.Web.Foundation", "Pleiades.Web\Pleiades.Web.Foundation.csproj", "{804F063C-505F-441E-B205-688C42E637AD}"
EndProject
Project("{2150E333-8FDC-42A3-9474-1A3956D46DE8}") = "Pleiades", "Pleiades", "{8F70F38E-584A-42A3-BA71-9D356C46679E}"
EndProject
Project("{2150E333-8FDC-42A3-9474-1A3956D46DE8}") = "Commerce", "Commerce", "{71EE4FED-313F-4B48-BB40-05831D6E1113}"
EndProject
Project("{2150E333-8FDC-42A3-9474-1A3956D46DE8}") = "Commerce.Tests", "Commerce.Tests", "{42DBB876-C427-4C24-B1FA-E1F80B93A5FD}"
EndProject
Project("{FAE04EC0-301F-11D3-BF4B-00C04F79EFBC}") = "Pleiades.Web.Security.Membership", "Pleiades.Web.Security.Membership\Pleiades.Web.Security.Membership.csproj", "{99DCCEB1-8B5B-4FE1-AF0C-B0126FC4AD82}"
EndProject
Project("{FAE04EC0-301F-11D3-BF4B-00C04F79EFBC}") = "Pleiades.Web.Security.Aggregate", "Pleiades.Web.Security.Aggregate\Pleiades.Web.Security.Aggregate.csproj", "{3B3BE1C6-3D4E-4C72-915E-66852EC3578F}"
EndProject
Project("{FAE04EC0-301F-11D3-BF4B-00C04F79EFBC}") = "Commerce.Application", "Commerce.Domain\Commerce.Application.csproj", "{3E11D8A9-5D48-4D12-9951-959A53A8B6A6}"
EndProject
Project("{FAE04EC0-301F-11D3-BF4B-00C04F79EFBC}") = "Pleiades.IntegrationTests.DataEF", "Pleiades.IntegrationTests.DataEF\Pleiades.IntegrationTests.DataEF.csproj", "{D4EBBD91-DDCA-4E18-A04D-50008A9158F3}"
EndProject
Project("{2150E333-8FDC-42A3-9474-1A3956D46DE8}") = "Pleiades.Tests", "Pleiades.Tests", "{3D30D9F1-2727-4E76-AD66-E3E03B99A444}"
EndProject
Project("{FAE04EC0-301F-11D3-BF4B-00C04F79EFBC}") = "Pleiades.Web.Security.UnitTests", "Pleiades.Web.Security.UnitTests\Pleiades.Web.Security.UnitTests.csproj", "{11018755-DEC2-493C-82D1-58DCC1AF5927}"
EndProject
Project("{FAE04EC0-301F-11D3-BF4B-00C04F79EFBC}") = "Commerce.Web", "Commerce.Web\Commerce.Web.csproj", "{C719AC5A-4969-4365-BDE6-A668C4929DB6}"
EndProject
Project("{FAE04EC0-301F-11D3-BF4B-00C04F79EFBC}") = "Pleiades.TestHelpers", "Pleiades.TestHelpers\Pleiades.TestHelpers.csproj", "{A839CD41-8163-4667-A4B3-9B7593FC0350}"
EndProject
Project("{FAE04EC0-301F-11D3-BF4B-00C04F79EFBC}") = "Pleiades.App.Foundation", "Pleiades.App.Foundation\Pleiades.App.Foundation.csproj", "{10CEE227-9B7C-4D97-B53A-229E8D45B15F}"
EndProject
Project("{FAE04EC0-301F-11D3-BF4B-00C04F79EFBC}") = "ArtOfGroundFighting.Web", "Commerce.ArtOfGroundFighting\ArtOfGroundFighting.Web.csproj", "{EC5DC292-82C2-4C82-9B64-9B0CBAF8E561}"
EndProject
Project("{FAE04EC0-301F-11D3-BF4B-00C04F79EFBC}") = "ArtOfGroundFighting.Initializer", "Commerce.Initializer\ArtOfGroundFighting.Initializer.csproj", "{8E922D95-E286-4AF1-89E2-943EA247B806}"
EndProject
Project("{FAE04EC0-301F-11D3-BF4B-00C04F79EFBC}") = "Commerce.IntegrationTests", "Commerce.IntegrationTests\Commerce.IntegrationTests.csproj", "{FE635455-8016-4AB0-BA25-5A459A76ABA1}"
EndProject
Project("{FAE04EC0-301F-11D3-BF4B-00C04F79EFBC}") = "Commerce.UnitTests", "Commerce.WebUI.UnitTests\Commerce.UnitTests.csproj", "{080581DA-D122-4195-A615-DF9B85DEE99E}"
EndProject
Project("{CC5FD16D-436D-48AD-A40C-5A424C6E3E79}") = "Commerce.Web.Azure", "Commerce.Web.Azure\Commerce.Web.Azure.ccproj", "{C325FD87-A408-4D63-8753-582D826E9E7C}"
EndProject
Project("{FAE04EC0-301F-11D3-BF4B-00C04F79EFBC}") = "ArtOfGroundFighting.IntegrationTests", "ArtOfGroundFighting.IntegrationTests\ArtOfGroundFighting.IntegrationTests.csproj", "{7E8B1EF6-1AD4-4CC8-A13A-8700C496C87F}"
EndProject
Project("{2150E333-8FDC-42A3-9474-1A3956D46DE8}") = "ArtOfGroundFighting", "ArtOfGroundFighting", "{16D36CC9-2924-4BBC-BA99-EB21CC1A911C}"
EndProject
Global
	GlobalSection(SolutionConfigurationPlatforms) = preSolution
		Azure|Any CPU = Azure|Any CPU
		Azure|Mixed Platforms = Azure|Mixed Platforms
		Azure|x86 = Azure|x86
		Debug|Any CPU = Debug|Any CPU
		Debug|Mixed Platforms = Debug|Mixed Platforms
		Debug|x86 = Debug|x86
		Release|Any CPU = Release|Any CPU
		Release|Mixed Platforms = Release|Mixed Platforms
		Release|x86 = Release|x86
	EndGlobalSection
	GlobalSection(ProjectConfigurationPlatforms) = postSolution
		{804F063C-505F-441E-B205-688C42E637AD}.Azure|Any CPU.ActiveCfg = Azure|Any CPU
		{804F063C-505F-441E-B205-688C42E637AD}.Azure|Any CPU.Build.0 = Azure|Any CPU
		{804F063C-505F-441E-B205-688C42E637AD}.Azure|Mixed Platforms.ActiveCfg = Azure|Any CPU
		{804F063C-505F-441E-B205-688C42E637AD}.Azure|Mixed Platforms.Build.0 = Azure|Any CPU
		{804F063C-505F-441E-B205-688C42E637AD}.Azure|x86.ActiveCfg = Azure|Any CPU
		{804F063C-505F-441E-B205-688C42E637AD}.Debug|Any CPU.ActiveCfg = Debug|Any CPU
		{804F063C-505F-441E-B205-688C42E637AD}.Debug|Any CPU.Build.0 = Debug|Any CPU
		{804F063C-505F-441E-B205-688C42E637AD}.Debug|Mixed Platforms.ActiveCfg = Debug|Any CPU
		{804F063C-505F-441E-B205-688C42E637AD}.Debug|Mixed Platforms.Build.0 = Debug|Any CPU
		{804F063C-505F-441E-B205-688C42E637AD}.Debug|x86.ActiveCfg = Debug|Any CPU
		{804F063C-505F-441E-B205-688C42E637AD}.Release|Any CPU.ActiveCfg = Release|Any CPU
		{804F063C-505F-441E-B205-688C42E637AD}.Release|Any CPU.Build.0 = Release|Any CPU
		{804F063C-505F-441E-B205-688C42E637AD}.Release|Mixed Platforms.ActiveCfg = Release|Any CPU
		{804F063C-505F-441E-B205-688C42E637AD}.Release|Mixed Platforms.Build.0 = Release|Any CPU
		{804F063C-505F-441E-B205-688C42E637AD}.Release|x86.ActiveCfg = Release|Any CPU
		{99DCCEB1-8B5B-4FE1-AF0C-B0126FC4AD82}.Azure|Any CPU.ActiveCfg = Azure|Any CPU
		{99DCCEB1-8B5B-4FE1-AF0C-B0126FC4AD82}.Azure|Any CPU.Build.0 = Azure|Any CPU
		{99DCCEB1-8B5B-4FE1-AF0C-B0126FC4AD82}.Azure|Mixed Platforms.ActiveCfg = Azure|Any CPU
		{99DCCEB1-8B5B-4FE1-AF0C-B0126FC4AD82}.Azure|Mixed Platforms.Build.0 = Azure|Any CPU
		{99DCCEB1-8B5B-4FE1-AF0C-B0126FC4AD82}.Azure|x86.ActiveCfg = Azure|Any CPU
		{99DCCEB1-8B5B-4FE1-AF0C-B0126FC4AD82}.Debug|Any CPU.ActiveCfg = Debug|Any CPU
		{99DCCEB1-8B5B-4FE1-AF0C-B0126FC4AD82}.Debug|Any CPU.Build.0 = Debug|Any CPU
		{99DCCEB1-8B5B-4FE1-AF0C-B0126FC4AD82}.Debug|Mixed Platforms.ActiveCfg = Debug|Any CPU
		{99DCCEB1-8B5B-4FE1-AF0C-B0126FC4AD82}.Debug|Mixed Platforms.Build.0 = Debug|Any CPU
		{99DCCEB1-8B5B-4FE1-AF0C-B0126FC4AD82}.Debug|x86.ActiveCfg = Debug|Any CPU
		{99DCCEB1-8B5B-4FE1-AF0C-B0126FC4AD82}.Release|Any CPU.ActiveCfg = Release|Any CPU
		{99DCCEB1-8B5B-4FE1-AF0C-B0126FC4AD82}.Release|Any CPU.Build.0 = Release|Any CPU
		{99DCCEB1-8B5B-4FE1-AF0C-B0126FC4AD82}.Release|Mixed Platforms.ActiveCfg = Release|Any CPU
		{99DCCEB1-8B5B-4FE1-AF0C-B0126FC4AD82}.Release|Mixed Platforms.Build.0 = Release|Any CPU
		{99DCCEB1-8B5B-4FE1-AF0C-B0126FC4AD82}.Release|x86.ActiveCfg = Release|Any CPU
		{3B3BE1C6-3D4E-4C72-915E-66852EC3578F}.Azure|Any CPU.ActiveCfg = Azure|Any CPU
		{3B3BE1C6-3D4E-4C72-915E-66852EC3578F}.Azure|Any CPU.Build.0 = Azure|Any CPU
		{3B3BE1C6-3D4E-4C72-915E-66852EC3578F}.Azure|Mixed Platforms.ActiveCfg = Azure|Any CPU
		{3B3BE1C6-3D4E-4C72-915E-66852EC3578F}.Azure|Mixed Platforms.Build.0 = Azure|Any CPU
		{3B3BE1C6-3D4E-4C72-915E-66852EC3578F}.Azure|x86.ActiveCfg = Azure|Any CPU
		{3B3BE1C6-3D4E-4C72-915E-66852EC3578F}.Debug|Any CPU.ActiveCfg = Debug|Any CPU
		{3B3BE1C6-3D4E-4C72-915E-66852EC3578F}.Debug|Any CPU.Build.0 = Debug|Any CPU
		{3B3BE1C6-3D4E-4C72-915E-66852EC3578F}.Debug|Mixed Platforms.ActiveCfg = Debug|Any CPU
		{3B3BE1C6-3D4E-4C72-915E-66852EC3578F}.Debug|Mixed Platforms.Build.0 = Debug|Any CPU
		{3B3BE1C6-3D4E-4C72-915E-66852EC3578F}.Debug|x86.ActiveCfg = Debug|Any CPU
		{3B3BE1C6-3D4E-4C72-915E-66852EC3578F}.Release|Any CPU.ActiveCfg = Release|Any CPU
		{3B3BE1C6-3D4E-4C72-915E-66852EC3578F}.Release|Any CPU.Build.0 = Release|Any CPU
		{3B3BE1C6-3D4E-4C72-915E-66852EC3578F}.Release|Mixed Platforms.ActiveCfg = Release|Any CPU
		{3B3BE1C6-3D4E-4C72-915E-66852EC3578F}.Release|Mixed Platforms.Build.0 = Release|Any CPU
		{3B3BE1C6-3D4E-4C72-915E-66852EC3578F}.Release|x86.ActiveCfg = Release|Any CPU
		{3E11D8A9-5D48-4D12-9951-959A53A8B6A6}.Azure|Any CPU.ActiveCfg = Azure|Any CPU
		{3E11D8A9-5D48-4D12-9951-959A53A8B6A6}.Azure|Any CPU.Build.0 = Azure|Any CPU
		{3E11D8A9-5D48-4D12-9951-959A53A8B6A6}.Azure|Mixed Platforms.ActiveCfg = Azure|Any CPU
		{3E11D8A9-5D48-4D12-9951-959A53A8B6A6}.Azure|Mixed Platforms.Build.0 = Azure|Any CPU
		{3E11D8A9-5D48-4D12-9951-959A53A8B6A6}.Azure|x86.ActiveCfg = Azure|Any CPU
		{3E11D8A9-5D48-4D12-9951-959A53A8B6A6}.Debug|Any CPU.ActiveCfg = Debug|Any CPU
		{3E11D8A9-5D48-4D12-9951-959A53A8B6A6}.Debug|Any CPU.Build.0 = Debug|Any CPU
		{3E11D8A9-5D48-4D12-9951-959A53A8B6A6}.Debug|Mixed Platforms.ActiveCfg = Debug|Any CPU
		{3E11D8A9-5D48-4D12-9951-959A53A8B6A6}.Debug|Mixed Platforms.Build.0 = Debug|Any CPU
		{3E11D8A9-5D48-4D12-9951-959A53A8B6A6}.Debug|x86.ActiveCfg = Debug|Any CPU
		{3E11D8A9-5D48-4D12-9951-959A53A8B6A6}.Release|Any CPU.ActiveCfg = Release|Any CPU
		{3E11D8A9-5D48-4D12-9951-959A53A8B6A6}.Release|Any CPU.Build.0 = Release|Any CPU
		{3E11D8A9-5D48-4D12-9951-959A53A8B6A6}.Release|Mixed Platforms.ActiveCfg = Release|Any CPU
		{3E11D8A9-5D48-4D12-9951-959A53A8B6A6}.Release|Mixed Platforms.Build.0 = Release|Any CPU
		{3E11D8A9-5D48-4D12-9951-959A53A8B6A6}.Release|x86.ActiveCfg = Release|Any CPU
		{D4EBBD91-DDCA-4E18-A04D-50008A9158F3}.Azure|Any CPU.ActiveCfg = Azure|Any CPU
		{D4EBBD91-DDCA-4E18-A04D-50008A9158F3}.Azure|Any CPU.Build.0 = Azure|Any CPU
		{D4EBBD91-DDCA-4E18-A04D-50008A9158F3}.Azure|Mixed Platforms.ActiveCfg = Azure|Any CPU
		{D4EBBD91-DDCA-4E18-A04D-50008A9158F3}.Azure|Mixed Platforms.Build.0 = Azure|Any CPU
		{D4EBBD91-DDCA-4E18-A04D-50008A9158F3}.Azure|x86.ActiveCfg = Azure|Any CPU
		{D4EBBD91-DDCA-4E18-A04D-50008A9158F3}.Debug|Any CPU.ActiveCfg = Debug|Any CPU
		{D4EBBD91-DDCA-4E18-A04D-50008A9158F3}.Debug|Any CPU.Build.0 = Debug|Any CPU
		{D4EBBD91-DDCA-4E18-A04D-50008A9158F3}.Debug|Mixed Platforms.ActiveCfg = Debug|Any CPU
		{D4EBBD91-DDCA-4E18-A04D-50008A9158F3}.Debug|Mixed Platforms.Build.0 = Debug|Any CPU
		{D4EBBD91-DDCA-4E18-A04D-50008A9158F3}.Debug|x86.ActiveCfg = Debug|Any CPU
		{D4EBBD91-DDCA-4E18-A04D-50008A9158F3}.Release|Any CPU.ActiveCfg = Release|Any CPU
		{D4EBBD91-DDCA-4E18-A04D-50008A9158F3}.Release|Any CPU.Build.0 = Release|Any CPU
		{D4EBBD91-DDCA-4E18-A04D-50008A9158F3}.Release|Mixed Platforms.ActiveCfg = Release|Any CPU
		{D4EBBD91-DDCA-4E18-A04D-50008A9158F3}.Release|Mixed Platforms.Build.0 = Release|Any CPU
		{D4EBBD91-DDCA-4E18-A04D-50008A9158F3}.Release|x86.ActiveCfg = Release|Any CPU
		{11018755-DEC2-493C-82D1-58DCC1AF5927}.Azure|Any CPU.ActiveCfg = Azure|Any CPU
		{11018755-DEC2-493C-82D1-58DCC1AF5927}.Azure|Any CPU.Build.0 = Azure|Any CPU
		{11018755-DEC2-493C-82D1-58DCC1AF5927}.Azure|Mixed Platforms.ActiveCfg = Azure|Any CPU
		{11018755-DEC2-493C-82D1-58DCC1AF5927}.Azure|Mixed Platforms.Build.0 = Azure|Any CPU
		{11018755-DEC2-493C-82D1-58DCC1AF5927}.Azure|x86.ActiveCfg = Azure|Any CPU
		{11018755-DEC2-493C-82D1-58DCC1AF5927}.Debug|Any CPU.ActiveCfg = Debug|Any CPU
		{11018755-DEC2-493C-82D1-58DCC1AF5927}.Debug|Any CPU.Build.0 = Debug|Any CPU
		{11018755-DEC2-493C-82D1-58DCC1AF5927}.Debug|Mixed Platforms.ActiveCfg = Debug|Any CPU
		{11018755-DEC2-493C-82D1-58DCC1AF5927}.Debug|Mixed Platforms.Build.0 = Debug|Any CPU
		{11018755-DEC2-493C-82D1-58DCC1AF5927}.Debug|x86.ActiveCfg = Debug|Any CPU
		{11018755-DEC2-493C-82D1-58DCC1AF5927}.Release|Any CPU.ActiveCfg = Release|Any CPU
		{11018755-DEC2-493C-82D1-58DCC1AF5927}.Release|Any CPU.Build.0 = Release|Any CPU
		{11018755-DEC2-493C-82D1-58DCC1AF5927}.Release|Mixed Platforms.ActiveCfg = Release|Any CPU
		{11018755-DEC2-493C-82D1-58DCC1AF5927}.Release|Mixed Platforms.Build.0 = Release|Any CPU
		{11018755-DEC2-493C-82D1-58DCC1AF5927}.Release|x86.ActiveCfg = Release|Any CPU
		{C719AC5A-4969-4365-BDE6-A668C4929DB6}.Azure|Any CPU.ActiveCfg = Azure|Any CPU
		{C719AC5A-4969-4365-BDE6-A668C4929DB6}.Azure|Any CPU.Build.0 = Azure|Any CPU
		{C719AC5A-4969-4365-BDE6-A668C4929DB6}.Azure|Mixed Platforms.ActiveCfg = Azure|Any CPU
		{C719AC5A-4969-4365-BDE6-A668C4929DB6}.Azure|Mixed Platforms.Build.0 = Azure|Any CPU
		{C719AC5A-4969-4365-BDE6-A668C4929DB6}.Azure|x86.ActiveCfg = Azure|Any CPU
		{C719AC5A-4969-4365-BDE6-A668C4929DB6}.Debug|Any CPU.ActiveCfg = Debug|Any CPU
		{C719AC5A-4969-4365-BDE6-A668C4929DB6}.Debug|Any CPU.Build.0 = Debug|Any CPU
		{C719AC5A-4969-4365-BDE6-A668C4929DB6}.Debug|Mixed Platforms.ActiveCfg = Debug|Any CPU
		{C719AC5A-4969-4365-BDE6-A668C4929DB6}.Debug|Mixed Platforms.Build.0 = Debug|Any CPU
		{C719AC5A-4969-4365-BDE6-A668C4929DB6}.Debug|x86.ActiveCfg = Debug|Any CPU
		{C719AC5A-4969-4365-BDE6-A668C4929DB6}.Release|Any CPU.ActiveCfg = Release|Any CPU
		{C719AC5A-4969-4365-BDE6-A668C4929DB6}.Release|Any CPU.Build.0 = Release|Any CPU
		{C719AC5A-4969-4365-BDE6-A668C4929DB6}.Release|Mixed Platforms.ActiveCfg = Release|Any CPU
		{C719AC5A-4969-4365-BDE6-A668C4929DB6}.Release|Mixed Platforms.Build.0 = Release|Any CPU
		{C719AC5A-4969-4365-BDE6-A668C4929DB6}.Release|x86.ActiveCfg = Release|Any CPU
		{A839CD41-8163-4667-A4B3-9B7593FC0350}.Azure|Any CPU.ActiveCfg = Azure|Any CPU
		{A839CD41-8163-4667-A4B3-9B7593FC0350}.Azure|Any CPU.Build.0 = Azure|Any CPU
		{A839CD41-8163-4667-A4B3-9B7593FC0350}.Azure|Mixed Platforms.ActiveCfg = Azure|Any CPU
		{A839CD41-8163-4667-A4B3-9B7593FC0350}.Azure|Mixed Platforms.Build.0 = Azure|Any CPU
		{A839CD41-8163-4667-A4B3-9B7593FC0350}.Azure|x86.ActiveCfg = Azure|Any CPU
		{A839CD41-8163-4667-A4B3-9B7593FC0350}.Debug|Any CPU.ActiveCfg = Debug|Any CPU
		{A839CD41-8163-4667-A4B3-9B7593FC0350}.Debug|Any CPU.Build.0 = Debug|Any CPU
		{A839CD41-8163-4667-A4B3-9B7593FC0350}.Debug|Mixed Platforms.ActiveCfg = Debug|Any CPU
		{A839CD41-8163-4667-A4B3-9B7593FC0350}.Debug|Mixed Platforms.Build.0 = Debug|Any CPU
		{A839CD41-8163-4667-A4B3-9B7593FC0350}.Debug|x86.ActiveCfg = Debug|Any CPU
		{A839CD41-8163-4667-A4B3-9B7593FC0350}.Release|Any CPU.ActiveCfg = Release|Any CPU
		{A839CD41-8163-4667-A4B3-9B7593FC0350}.Release|Any CPU.Build.0 = Release|Any CPU
		{A839CD41-8163-4667-A4B3-9B7593FC0350}.Release|Mixed Platforms.ActiveCfg = Release|Any CPU
		{A839CD41-8163-4667-A4B3-9B7593FC0350}.Release|Mixed Platforms.Build.0 = Release|Any CPU
		{A839CD41-8163-4667-A4B3-9B7593FC0350}.Release|x86.ActiveCfg = Release|Any CPU
		{10CEE227-9B7C-4D97-B53A-229E8D45B15F}.Azure|Any CPU.ActiveCfg = Azure|Any CPU
		{10CEE227-9B7C-4D97-B53A-229E8D45B15F}.Azure|Any CPU.Build.0 = Azure|Any CPU
		{10CEE227-9B7C-4D97-B53A-229E8D45B15F}.Azure|Mixed Platforms.ActiveCfg = Azure|Any CPU
		{10CEE227-9B7C-4D97-B53A-229E8D45B15F}.Azure|Mixed Platforms.Build.0 = Azure|Any CPU
		{10CEE227-9B7C-4D97-B53A-229E8D45B15F}.Azure|x86.ActiveCfg = Azure|Any CPU
		{10CEE227-9B7C-4D97-B53A-229E8D45B15F}.Debug|Any CPU.ActiveCfg = Debug|Any CPU
		{10CEE227-9B7C-4D97-B53A-229E8D45B15F}.Debug|Any CPU.Build.0 = Debug|Any CPU
		{10CEE227-9B7C-4D97-B53A-229E8D45B15F}.Debug|Mixed Platforms.ActiveCfg = Debug|Any CPU
		{10CEE227-9B7C-4D97-B53A-229E8D45B15F}.Debug|Mixed Platforms.Build.0 = Debug|Any CPU
		{10CEE227-9B7C-4D97-B53A-229E8D45B15F}.Debug|x86.ActiveCfg = Debug|Any CPU
		{10CEE227-9B7C-4D97-B53A-229E8D45B15F}.Release|Any CPU.ActiveCfg = Release|Any CPU
		{10CEE227-9B7C-4D97-B53A-229E8D45B15F}.Release|Any CPU.Build.0 = Release|Any CPU
		{10CEE227-9B7C-4D97-B53A-229E8D45B15F}.Release|Mixed Platforms.ActiveCfg = Release|Any CPU
		{10CEE227-9B7C-4D97-B53A-229E8D45B15F}.Release|Mixed Platforms.Build.0 = Release|Any CPU
		{10CEE227-9B7C-4D97-B53A-229E8D45B15F}.Release|x86.ActiveCfg = Release|Any CPU
		{EC5DC292-82C2-4C82-9B64-9B0CBAF8E561}.Azure|Any CPU.ActiveCfg = Azure|Any CPU
		{EC5DC292-82C2-4C82-9B64-9B0CBAF8E561}.Azure|Any CPU.Build.0 = Azure|Any CPU
		{EC5DC292-82C2-4C82-9B64-9B0CBAF8E561}.Azure|Mixed Platforms.ActiveCfg = Azure|Any CPU
		{EC5DC292-82C2-4C82-9B64-9B0CBAF8E561}.Azure|Mixed Platforms.Build.0 = Azure|Any CPU
		{EC5DC292-82C2-4C82-9B64-9B0CBAF8E561}.Azure|x86.ActiveCfg = Azure|Any CPU
		{EC5DC292-82C2-4C82-9B64-9B0CBAF8E561}.Debug|Any CPU.ActiveCfg = Debug|Any CPU
		{EC5DC292-82C2-4C82-9B64-9B0CBAF8E561}.Debug|Any CPU.Build.0 = Debug|Any CPU
		{EC5DC292-82C2-4C82-9B64-9B0CBAF8E561}.Debug|Mixed Platforms.ActiveCfg = Debug|Any CPU
		{EC5DC292-82C2-4C82-9B64-9B0CBAF8E561}.Debug|Mixed Platforms.Build.0 = Debug|Any CPU
		{EC5DC292-82C2-4C82-9B64-9B0CBAF8E561}.Debug|x86.ActiveCfg = Debug|Any CPU
		{EC5DC292-82C2-4C82-9B64-9B0CBAF8E561}.Release|Any CPU.ActiveCfg = Release|Any CPU
		{EC5DC292-82C2-4C82-9B64-9B0CBAF8E561}.Release|Any CPU.Build.0 = Release|Any CPU
		{EC5DC292-82C2-4C82-9B64-9B0CBAF8E561}.Release|Mixed Platforms.ActiveCfg = Release|Any CPU
		{EC5DC292-82C2-4C82-9B64-9B0CBAF8E561}.Release|Mixed Platforms.Build.0 = Release|Any CPU
		{EC5DC292-82C2-4C82-9B64-9B0CBAF8E561}.Release|x86.ActiveCfg = Release|Any CPU
		{8E922D95-E286-4AF1-89E2-943EA247B806}.Azure|Any CPU.ActiveCfg = Azure|x86
		{8E922D95-E286-4AF1-89E2-943EA247B806}.Azure|Mixed Platforms.ActiveCfg = Azure|x86
		{8E922D95-E286-4AF1-89E2-943EA247B806}.Azure|Mixed Platforms.Build.0 = Azure|x86
		{8E922D95-E286-4AF1-89E2-943EA247B806}.Azure|x86.ActiveCfg = Azure|x86
		{8E922D95-E286-4AF1-89E2-943EA247B806}.Azure|x86.Build.0 = Azure|x86
		{8E922D95-E286-4AF1-89E2-943EA247B806}.Debug|Any CPU.ActiveCfg = Debug|x86
		{8E922D95-E286-4AF1-89E2-943EA247B806}.Debug|Mixed Platforms.ActiveCfg = Debug|x86
		{8E922D95-E286-4AF1-89E2-943EA247B806}.Debug|Mixed Platforms.Build.0 = Debug|x86
		{8E922D95-E286-4AF1-89E2-943EA247B806}.Debug|x86.ActiveCfg = Debug|x86
		{8E922D95-E286-4AF1-89E2-943EA247B806}.Debug|x86.Build.0 = Debug|x86
		{8E922D95-E286-4AF1-89E2-943EA247B806}.Release|Any CPU.ActiveCfg = Release|x86
		{8E922D95-E286-4AF1-89E2-943EA247B806}.Release|Mixed Platforms.ActiveCfg = Release|x86
		{8E922D95-E286-4AF1-89E2-943EA247B806}.Release|Mixed Platforms.Build.0 = Release|x86
		{8E922D95-E286-4AF1-89E2-943EA247B806}.Release|x86.ActiveCfg = Release|x86
		{8E922D95-E286-4AF1-89E2-943EA247B806}.Release|x86.Build.0 = Release|x86
		{FE635455-8016-4AB0-BA25-5A459A76ABA1}.Azure|Any CPU.ActiveCfg = Azure|Any CPU
		{FE635455-8016-4AB0-BA25-5A459A76ABA1}.Azure|Any CPU.Build.0 = Azure|Any CPU
		{FE635455-8016-4AB0-BA25-5A459A76ABA1}.Azure|Mixed Platforms.ActiveCfg = Azure|Any CPU
		{FE635455-8016-4AB0-BA25-5A459A76ABA1}.Azure|Mixed Platforms.Build.0 = Azure|Any CPU
		{FE635455-8016-4AB0-BA25-5A459A76ABA1}.Azure|x86.ActiveCfg = Azure|Any CPU
		{FE635455-8016-4AB0-BA25-5A459A76ABA1}.Debug|Any CPU.ActiveCfg = Debug|Any CPU
		{FE635455-8016-4AB0-BA25-5A459A76ABA1}.Debug|Any CPU.Build.0 = Debug|Any CPU
		{FE635455-8016-4AB0-BA25-5A459A76ABA1}.Debug|Mixed Platforms.ActiveCfg = Debug|Any CPU
		{FE635455-8016-4AB0-BA25-5A459A76ABA1}.Debug|Mixed Platforms.Build.0 = Debug|Any CPU
		{FE635455-8016-4AB0-BA25-5A459A76ABA1}.Debug|x86.ActiveCfg = Debug|Any CPU
		{FE635455-8016-4AB0-BA25-5A459A76ABA1}.Release|Any CPU.ActiveCfg = Release|Any CPU
		{FE635455-8016-4AB0-BA25-5A459A76ABA1}.Release|Any CPU.Build.0 = Release|Any CPU
		{FE635455-8016-4AB0-BA25-5A459A76ABA1}.Release|Mixed Platforms.ActiveCfg = Release|Any CPU
		{FE635455-8016-4AB0-BA25-5A459A76ABA1}.Release|Mixed Platforms.Build.0 = Release|Any CPU
		{FE635455-8016-4AB0-BA25-5A459A76ABA1}.Release|x86.ActiveCfg = Release|Any CPU
		{080581DA-D122-4195-A615-DF9B85DEE99E}.Azure|Any CPU.ActiveCfg = Azure|Any CPU
		{080581DA-D122-4195-A615-DF9B85DEE99E}.Azure|Any CPU.Build.0 = Azure|Any CPU
		{080581DA-D122-4195-A615-DF9B85DEE99E}.Azure|Mixed Platforms.ActiveCfg = Azure|Any CPU
		{080581DA-D122-4195-A615-DF9B85DEE99E}.Azure|Mixed Platforms.Build.0 = Azure|Any CPU
		{080581DA-D122-4195-A615-DF9B85DEE99E}.Azure|x86.ActiveCfg = Azure|Any CPU
		{080581DA-D122-4195-A615-DF9B85DEE99E}.Debug|Any CPU.ActiveCfg = Debug|Any CPU
		{080581DA-D122-4195-A615-DF9B85DEE99E}.Debug|Any CPU.Build.0 = Debug|Any CPU
		{080581DA-D122-4195-A615-DF9B85DEE99E}.Debug|Mixed Platforms.ActiveCfg = Debug|Any CPU
		{080581DA-D122-4195-A615-DF9B85DEE99E}.Debug|Mixed Platforms.Build.0 = Debug|Any CPU
		{080581DA-D122-4195-A615-DF9B85DEE99E}.Debug|x86.ActiveCfg = Debug|Any CPU
		{080581DA-D122-4195-A615-DF9B85DEE99E}.Release|Any CPU.ActiveCfg = Release|Any CPU
		{080581DA-D122-4195-A615-DF9B85DEE99E}.Release|Any CPU.Build.0 = Release|Any CPU
		{080581DA-D122-4195-A615-DF9B85DEE99E}.Release|Mixed Platforms.ActiveCfg = Release|Any CPU
		{080581DA-D122-4195-A615-DF9B85DEE99E}.Release|Mixed Platforms.Build.0 = Release|Any CPU
		{080581DA-D122-4195-A615-DF9B85DEE99E}.Release|x86.ActiveCfg = Release|Any CPU
		{C325FD87-A408-4D63-8753-582D826E9E7C}.Azure|Any CPU.ActiveCfg = Azure|Any CPU
		{C325FD87-A408-4D63-8753-582D826E9E7C}.Azure|Any CPU.Build.0 = Azure|Any CPU
		{C325FD87-A408-4D63-8753-582D826E9E7C}.Azure|Mixed Platforms.ActiveCfg = Azure|Any CPU
		{C325FD87-A408-4D63-8753-582D826E9E7C}.Azure|Mixed Platforms.Build.0 = Azure|Any CPU
		{C325FD87-A408-4D63-8753-582D826E9E7C}.Azure|x86.ActiveCfg = Azure|Any CPU
		{C325FD87-A408-4D63-8753-582D826E9E7C}.Debug|Any CPU.ActiveCfg = Debug|Any CPU
		{C325FD87-A408-4D63-8753-582D826E9E7C}.Debug|Any CPU.Build.0 = Debug|Any CPU
		{C325FD87-A408-4D63-8753-582D826E9E7C}.Debug|Mixed Platforms.ActiveCfg = Debug|Any CPU
		{C325FD87-A408-4D63-8753-582D826E9E7C}.Debug|Mixed Platforms.Build.0 = Debug|Any CPU
		{C325FD87-A408-4D63-8753-582D826E9E7C}.Debug|x86.ActiveCfg = Debug|Any CPU
		{C325FD87-A408-4D63-8753-582D826E9E7C}.Release|Any CPU.ActiveCfg = Release|Any CPU
		{C325FD87-A408-4D63-8753-582D826E9E7C}.Release|Any CPU.Build.0 = Release|Any CPU
		{C325FD87-A408-4D63-8753-582D826E9E7C}.Release|Mixed Platforms.ActiveCfg = Release|Any CPU
		{C325FD87-A408-4D63-8753-582D826E9E7C}.Release|Mixed Platforms.Build.0 = Release|Any CPU
		{C325FD87-A408-4D63-8753-582D826E9E7C}.Release|x86.ActiveCfg = Release|Any CPU
		{7E8B1EF6-1AD4-4CC8-A13A-8700C496C87F}.Azure|Any CPU.ActiveCfg = Azure|Any CPU
		{7E8B1EF6-1AD4-4CC8-A13A-8700C496C87F}.Azure|Any CPU.Build.0 = Azure|Any CPU
		{7E8B1EF6-1AD4-4CC8-A13A-8700C496C87F}.Azure|Mixed Platforms.ActiveCfg = Azure|Any CPU
		{7E8B1EF6-1AD4-4CC8-A13A-8700C496C87F}.Azure|Mixed Platforms.Build.0 = Azure|Any CPU
		{7E8B1EF6-1AD4-4CC8-A13A-8700C496C87F}.Azure|x86.ActiveCfg = Azure|Any CPU
		{7E8B1EF6-1AD4-4CC8-A13A-8700C496C87F}.Debug|Any CPU.ActiveCfg = Debug|Any CPU
		{7E8B1EF6-1AD4-4CC8-A13A-8700C496C87F}.Debug|Any CPU.Build.0 = Debug|Any CPU
		{7E8B1EF6-1AD4-4CC8-A13A-8700C496C87F}.Debug|Mixed Platforms.ActiveCfg = Debug|Any CPU
		{7E8B1EF6-1AD4-4CC8-A13A-8700C496C87F}.Debug|Mixed Platforms.Build.0 = Debug|Any CPU
		{7E8B1EF6-1AD4-4CC8-A13A-8700C496C87F}.Debug|x86.ActiveCfg = Debug|Any CPU
		{7E8B1EF6-1AD4-4CC8-A13A-8700C496C87F}.Release|Any CPU.ActiveCfg = Release|Any CPU
		{7E8B1EF6-1AD4-4CC8-A13A-8700C496C87F}.Release|Any CPU.Build.0 = Release|Any CPU
		{7E8B1EF6-1AD4-4CC8-A13A-8700C496C87F}.Release|Mixed Platforms.ActiveCfg = Release|Any CPU
		{7E8B1EF6-1AD4-4CC8-A13A-8700C496C87F}.Release|Mixed Platforms.Build.0 = Release|Any CPU
		{7E8B1EF6-1AD4-4CC8-A13A-8700C496C87F}.Release|x86.ActiveCfg = Release|Any CPU
	EndGlobalSection
	GlobalSection(SolutionProperties) = preSolution
		HideSolutionNode = FALSE
	EndGlobalSection
	GlobalSection(NestedProjects) = preSolution
		{804F063C-505F-441E-B205-688C42E637AD} = {8F70F38E-584A-42A3-BA71-9D356C46679E}
		{99DCCEB1-8B5B-4FE1-AF0C-B0126FC4AD82} = {8F70F38E-584A-42A3-BA71-9D356C46679E}
		{3B3BE1C6-3D4E-4C72-915E-66852EC3578F} = {8F70F38E-584A-42A3-BA71-9D356C46679E}
		{10CEE227-9B7C-4D97-B53A-229E8D45B15F} = {8F70F38E-584A-42A3-BA71-9D356C46679E}
		{3E11D8A9-5D48-4D12-9951-959A53A8B6A6} = {71EE4FED-313F-4B48-BB40-05831D6E1113}
		{C719AC5A-4969-4365-BDE6-A668C4929DB6} = {71EE4FED-313F-4B48-BB40-05831D6E1113}
		{C325FD87-A408-4D63-8753-582D826E9E7C} = {71EE4FED-313F-4B48-BB40-05831D6E1113}
		{FE635455-8016-4AB0-BA25-5A459A76ABA1} = {42DBB876-C427-4C24-B1FA-E1F80B93A5FD}
		{080581DA-D122-4195-A615-DF9B85DEE99E} = {42DBB876-C427-4C24-B1FA-E1F80B93A5FD}
		{D4EBBD91-DDCA-4E18-A04D-50008A9158F3} = {3D30D9F1-2727-4E76-AD66-E3E03B99A444}
		{11018755-DEC2-493C-82D1-58DCC1AF5927} = {3D30D9F1-2727-4E76-AD66-E3E03B99A444}
		{A839CD41-8163-4667-A4B3-9B7593FC0350} = {3D30D9F1-2727-4E76-AD66-E3E03B99A444}
		{8E922D95-E286-4AF1-89E2-943EA247B806} = {16D36CC9-2924-4BBC-BA99-EB21CC1A911C}
		{EC5DC292-82C2-4C82-9B64-9B0CBAF8E561} = {16D36CC9-2924-4BBC-BA99-EB21CC1A911C}
		{7E8B1EF6-1AD4-4CC8-A13A-8700C496C87F} = {16D36CC9-2924-4BBC-BA99-EB21CC1A911C}
	EndGlobalSection
EndGlobal
